
Microsoft Visual Studio Solution File, Format Version 11.00
# Visual Studio 2010
Project("{2150E333-8FDC-42A3-9474-1A3956D46DE8}") = "WebSites", "WebSites", "{F6F34B65-CAE3-4633-BEB7-FFC798E967EB}"
EndProject
Project("{2150E333-8FDC-42A3-9474-1A3956D46DE8}") = "Modules", "Modules", "{06DBA2CB-5E57-4AA8-8562-AEE5AB5877A8}"
EndProject
Project("{FAE04EC0-301F-11D3-BF4B-00C04F79EFBC}") = "MVPQuickstart", "WebSites\MVPQuickstart\MVPQuickstart.csproj", "{39D48B17-0B30-45B3-B283-6537DD153E15}"
EndProject
Project("{FAE04EC0-301F-11D3-BF4B-00C04F79EFBC}") = "Contacts", "Contacts\Contacts.csproj", "{448254EA-42D4-46F0-B189-1F6F13580BB2}"
EndProject
Project("{FAE04EC0-301F-11D3-BF4B-00C04F79EFBC}") = "Contacts.Tests", "Contacts.Tests\Contacts.Tests.csproj", "{4BA199D5-202C-4BA9-9BFB-EBF18BCCE6F5}"
EndProject
Project("{2150E333-8FDC-42A3-9474-1A3956D46DE8}") = "Blocks", "Blocks", "{4DB78CCB-D819-4996-B613-CED8627DB5B8}"
EndProject
Project("{FAE04EC0-301F-11D3-BF4B-00C04F79EFBC}") = "WebControls", "..\..\..\BlocksTrunk\Source\WebControls\Source\WebControls\WebControls.csproj", "{0F60CA71-9C20-4337-B34D-D837BBC53A54}"
EndProject
Global
	GlobalSection(SolutionConfigurationPlatforms) = preSolution
		Debug|Any CPU = Debug|Any CPU
		Release|Any CPU = Release|Any CPU
	EndGlobalSection
	GlobalSection(ProjectConfigurationPlatforms) = postSolution
		{39D48B17-0B30-45B3-B283-6537DD153E15}.Debug|Any CPU.ActiveCfg = Debug|Any CPU
		{39D48B17-0B30-45B3-B283-6537DD153E15}.Debug|Any CPU.Build.0 = Debug|Any CPU
		{39D48B17-0B30-45B3-B283-6537DD153E15}.Release|Any CPU.ActiveCfg = Release|Any CPU
		{39D48B17-0B30-45B3-B283-6537DD153E15}.Release|Any CPU.Build.0 = Release|Any CPU
		{448254EA-42D4-46F0-B189-1F6F13580BB2}.Debug|Any CPU.ActiveCfg = Debug|Any CPU
		{448254EA-42D4-46F0-B189-1F6F13580BB2}.Debug|Any CPU.Build.0 = Debug|Any CPU
		{448254EA-42D4-46F0-B189-1F6F13580BB2}.Release|Any CPU.ActiveCfg = Release|Any CPU
		{448254EA-42D4-46F0-B189-1F6F13580BB2}.Release|Any CPU.Build.0 = Release|Any CPU
		{4BA199D5-202C-4BA9-9BFB-EBF18BCCE6F5}.Debug|Any CPU.ActiveCfg = Debug|Any CPU
		{4BA199D5-202C-4BA9-9BFB-EBF18BCCE6F5}.Debug|Any CPU.Build.0 = Debug|Any CPU
		{4BA199D5-202C-4BA9-9BFB-EBF18BCCE6F5}.Release|Any CPU.ActiveCfg = Release|Any CPU
		{4BA199D5-202C-4BA9-9BFB-EBF18BCCE6F5}.Release|Any CPU.Build.0 = Release|Any CPU
		{0F60CA71-9C20-4337-B34D-D837BBC53A54}.Debug|Any CPU.ActiveCfg = Debug|Any CPU
		{0F60CA71-9C20-4337-B34D-D837BBC53A54}.Debug|Any CPU.Build.0 = Debug|Any CPU
		{0F60CA71-9C20-4337-B34D-D837BBC53A54}.Release|Any CPU.ActiveCfg = Release|Any CPU
		{0F60CA71-9C20-4337-B34D-D837BBC53A54}.Release|Any CPU.Build.0 = Release|Any CPU
	EndGlobalSection
	GlobalSection(SolutionProperties) = preSolution
		HideSolutionNode = FALSE
	EndGlobalSection
	GlobalSection(NestedProjects) = preSolution
		{39D48B17-0B30-45B3-B283-6537DD153E15} = {F6F34B65-CAE3-4633-BEB7-FFC798E967EB}
		{448254EA-42D4-46F0-B189-1F6F13580BB2} = {06DBA2CB-5E57-4AA8-8562-AEE5AB5877A8}
		{4BA199D5-202C-4BA9-9BFB-EBF18BCCE6F5} = {06DBA2CB-5E57-4AA8-8562-AEE5AB5877A8}
		{0F60CA71-9C20-4337-B34D-D837BBC53A54} = {4DB78CCB-D819-4996-B613-CED8627DB5B8}
	EndGlobalSection
	GlobalSection(ExtensibilityGlobals) = postSolution
		IsWCSFSolution = True
		IsWCSFSolutionWAP = True
		RootNamespace = MVPQuickstart
	EndGlobalSection
EndGlobal
